// !$*UTF8*$!
{
	archiveVersion = 1;
	classes = {
	};
	objectVersion = 56;
	objects = {

/* Begin PBXBuildFile section */
		0305E7D72BF261D30089AD95 /* TopAnimeDetailViewController.swift in Sources */ = {isa = PBXBuildFile; fileRef = 0305E7D62BF261D30089AD95 /* TopAnimeDetailViewController.swift */; };
		0305E7D92BF262500089AD95 /* TopAnimeDetailView.swift in Sources */ = {isa = PBXBuildFile; fileRef = 0305E7D82BF262500089AD95 /* TopAnimeDetailView.swift */; };
		0305E7DB2BF2626A0089AD95 /* TopAnimeDetailViewViewModel.swift in Sources */ = {isa = PBXBuildFile; fileRef = 0305E7DA2BF2626A0089AD95 /* TopAnimeDetailViewViewModel.swift */; };
		0305E7E02BF3BA0A0089AD95 /* FooterLoadingCollectionReusableView.swift in Sources */ = {isa = PBXBuildFile; fileRef = 0305E7DF2BF3BA0A0089AD95 /* FooterLoadingCollectionReusableView.swift */; };
		033C05D02BEA5BDE00D626CE /* TopListViewViewModel.swift in Sources */ = {isa = PBXBuildFile; fileRef = 033C05CF2BEA5BDE00D626CE /* TopListViewViewModel.swift */; };
		033C05D22BEA5C6600D626CE /* TopAnimeListView.swift in Sources */ = {isa = PBXBuildFile; fileRef = 033C05D12BEA5C6600D626CE /* TopAnimeListView.swift */; };
		033C05D42BEA73A800D626CE /* TopAnimeCollectionViewCell.swift in Sources */ = {isa = PBXBuildFile; fileRef = 033C05D32BEA73A800D626CE /* TopAnimeCollectionViewCell.swift */; };
		033C05D62BEA74B700D626CE /* TopCollectionViewCellViewModel.swift in Sources */ = {isa = PBXBuildFile; fileRef = 033C05D52BEA74B700D626CE /* TopCollectionViewCellViewModel.swift */; };
		033D76742C0B1EDD007FF534 /* MangaTextField.swift in Sources */ = {isa = PBXBuildFile; fileRef = 033D76732C0B1EDD007FF534 /* MangaTextField.swift */; };
		033D76772C0B2A49007FF534 /* TopAnimeSearchBar.swift in Sources */ = {isa = PBXBuildFile; fileRef = 033D76762C0B2A49007FF534 /* TopAnimeSearchBar.swift */; };
		033D76792C0B3FBC007FF534 /* UISearchBar + ext.swift in Sources */ = {isa = PBXBuildFile; fileRef = 033D76782C0B3FBC007FF534 /* UISearchBar + ext.swift */; };
		033D767B2C0BAAA4007FF534 /* UIViewController + ext.swift in Sources */ = {isa = PBXBuildFile; fileRef = 033D767A2C0BAAA4007FF534 /* UIViewController + ext.swift */; };
		033D767D2C0C8412007FF534 /* MangaListViewViewModel.swift in Sources */ = {isa = PBXBuildFile; fileRef = 033D767C2C0C8412007FF534 /* MangaListViewViewModel.swift */; };
		033D767F2C0C8444007FF534 /* MangaListView.swift in Sources */ = {isa = PBXBuildFile; fileRef = 033D767E2C0C8444007FF534 /* MangaListView.swift */; };
		033D76812C0C9FDF007FF534 /* MangaCollectionViewCell.swift in Sources */ = {isa = PBXBuildFile; fileRef = 033D76802C0C9FDF007FF534 /* MangaCollectionViewCell.swift */; };
		033D76832C0CA37B007FF534 /* MangaCollectionViewCellViewModel.swift in Sources */ = {isa = PBXBuildFile; fileRef = 033D76822C0CA37B007FF534 /* MangaCollectionViewCellViewModel.swift */; };
		033D76872C0CDDA2007FF534 /* MangaRecommendationsViewCellViewModel.swift in Sources */ = {isa = PBXBuildFile; fileRef = 033D76862C0CDDA2007FF534 /* MangaRecommendationsViewCellViewModel.swift */; };
		033D768A2C0CDE23007FF534 /* MangaRecommendationsCollectionViewCell.swift in Sources */ = {isa = PBXBuildFile; fileRef = 033D76892C0CDE23007FF534 /* MangaRecommendationsCollectionViewCell.swift */; };
		033D768C2C0D7C94007FF534 /* GetMangaRecommendations.swift in Sources */ = {isa = PBXBuildFile; fileRef = 033D768B2C0D7C94007FF534 /* GetMangaRecommendations.swift */; };
		033D768E2C0DED36007FF534 /* MangaSectionHeader.swift in Sources */ = {isa = PBXBuildFile; fileRef = 033D768D2C0DED36007FF534 /* MangaSectionHeader.swift */; };
		033D76902C0E1A94007FF534 /* MangaDetailViewController.swift in Sources */ = {isa = PBXBuildFile; fileRef = 033D768F2C0E1A94007FF534 /* MangaDetailViewController.swift */; };
		033D76932C0E1AE3007FF534 /* MangaDetailView.swift in Sources */ = {isa = PBXBuildFile; fileRef = 033D76922C0E1AE3007FF534 /* MangaDetailView.swift */; };
		033D76962C0E1B05007FF534 /* MangaDetailViewViewModel.swift in Sources */ = {isa = PBXBuildFile; fileRef = 033D76952C0E1B05007FF534 /* MangaDetailViewViewModel.swift */; };
		033D76982C0F18F4007FF534 /* MangaFull.swift in Sources */ = {isa = PBXBuildFile; fileRef = 033D76972C0F18F4007FF534 /* MangaFull.swift */; };
		033D769A2C0F42C8007FF534 /* MangaFullPhotoCollectionViewCellViewModel.swift in Sources */ = {isa = PBXBuildFile; fileRef = 033D76992C0F42C7007FF534 /* MangaFullPhotoCollectionViewCellViewModel.swift */; };
		033D769C2C0F4319007FF534 /* MangaFullPhotoCollectionViewCell.swift in Sources */ = {isa = PBXBuildFile; fileRef = 033D769B2C0F4319007FF534 /* MangaFullPhotoCollectionViewCell.swift */; };
		033D769E2C10C005007FF534 /* MangaFullTitleCollectionViewCell.swift in Sources */ = {isa = PBXBuildFile; fileRef = 033D769D2C10C005007FF534 /* MangaFullTitleCollectionViewCell.swift */; };
		033D76A02C10C1AB007FF534 /* MangaFullTitleCollectionViewCellViewModel.swift in Sources */ = {isa = PBXBuildFile; fileRef = 033D769F2C10C1AB007FF534 /* MangaFullTitleCollectionViewCellViewModel.swift */; };
		033D76A22C10D1B8007FF534 /* MangaFullBaseInfoCollectionViewCell.swift in Sources */ = {isa = PBXBuildFile; fileRef = 033D76A12C10D1B8007FF534 /* MangaFullBaseInfoCollectionViewCell.swift */; };
		033D76A42C10D1D3007FF534 /* MangaFullBaseInfoCollectionViewCellViewModel.swift in Sources */ = {isa = PBXBuildFile; fileRef = 033D76A32C10D1D3007FF534 /* MangaFullBaseInfoCollectionViewCellViewModel.swift */; };
		033D76A62C11625E007FF534 /* MangaFullInformationCollectionViewCell.swift in Sources */ = {isa = PBXBuildFile; fileRef = 033D76A52C11625E007FF534 /* MangaFullInformationCollectionViewCell.swift */; };
		033D76A82C11626F007FF534 /* MangaFullInformationCollectionViewCellViewModel.swift in Sources */ = {isa = PBXBuildFile; fileRef = 033D76A72C11626F007FF534 /* MangaFullInformationCollectionViewCellViewModel.swift */; };
		033D76AA2C116F21007FF534 /* MangaDetailSectionHeader.swift in Sources */ = {isa = PBXBuildFile; fileRef = 033D76A92C116F21007FF534 /* MangaDetailSectionHeader.swift */; };
		033D76AC2C119EF6007FF534 /* MangaFullDescriptionCollectionViewCellViewModel.swift in Sources */ = {isa = PBXBuildFile; fileRef = 033D76AB2C119EF6007FF534 /* MangaFullDescriptionCollectionViewCellViewModel.swift */; };
		033D76AE2C119F45007FF534 /* MangaFullDescriptionCollectionViewCell.swift in Sources */ = {isa = PBXBuildFile; fileRef = 033D76AD2C119F45007FF534 /* MangaFullDescriptionCollectionViewCell.swift */; };
		033D76B02C11EA26007FF534 /* MangaFullGenresCollectionViewCellViewModel.swift in Sources */ = {isa = PBXBuildFile; fileRef = 033D76AF2C11EA26007FF534 /* MangaFullGenresCollectionViewCellViewModel.swift */; };
		033D76B22C11EB1F007FF534 /* MangaFullGenresCollectionViewCell.swift in Sources */ = {isa = PBXBuildFile; fileRef = 033D76B12C11EB1F007FF534 /* MangaFullGenresCollectionViewCell.swift */; };
		034DEEB52BE7D5CA00B29CB9 /* AppDelegate.swift in Sources */ = {isa = PBXBuildFile; fileRef = 034DEEB42BE7D5CA00B29CB9 /* AppDelegate.swift */; };
		034DEEB72BE7D5CA00B29CB9 /* SceneDelegate.swift in Sources */ = {isa = PBXBuildFile; fileRef = 034DEEB62BE7D5CA00B29CB9 /* SceneDelegate.swift */; };
		034DEEB92BE7D5CA00B29CB9 /* TabViewController.swift in Sources */ = {isa = PBXBuildFile; fileRef = 034DEEB82BE7D5CA00B29CB9 /* TabViewController.swift */; };
		034DEEBE2BE7D5CC00B29CB9 /* Assets.xcassets in Resources */ = {isa = PBXBuildFile; fileRef = 034DEEBD2BE7D5CC00B29CB9 /* Assets.xcassets */; };
		034DEEC12BE7D5CC00B29CB9 /* LaunchScreen.storyboard in Resources */ = {isa = PBXBuildFile; fileRef = 034DEEBF2BE7D5CC00B29CB9 /* LaunchScreen.storyboard */; };
		034DEECF2BE7D89A00B29CB9 /* MangaRecommendation.swift in Sources */ = {isa = PBXBuildFile; fileRef = 034DEECE2BE7D89A00B29CB9 /* MangaRecommendation.swift */; };
		034DEED12BE7D8A300B29CB9 /* Characters.swift in Sources */ = {isa = PBXBuildFile; fileRef = 034DEED02BE7D8A300B29CB9 /* Characters.swift */; };
		034DEED32BE7D8A900B29CB9 /* UniObject.swift in Sources */ = {isa = PBXBuildFile; fileRef = 034DEED22BE7D8A900B29CB9 /* UniObject.swift */; };
		034DEED52BE7D93000B29CB9 /* CharactersViewController.swift in Sources */ = {isa = PBXBuildFile; fileRef = 034DEED42BE7D93000B29CB9 /* CharactersViewController.swift */; };
		034DEED72BE7D93900B29CB9 /* TopViewController.swift in Sources */ = {isa = PBXBuildFile; fileRef = 034DEED62BE7D93900B29CB9 /* TopViewController.swift */; };
		034DEED92BE7D94900B29CB9 /* MangaViewController.swift in Sources */ = {isa = PBXBuildFile; fileRef = 034DEED82BE7D94900B29CB9 /* MangaViewController.swift */; };
		034DEEDB2BE7DE5600B29CB9 /* Service.swift in Sources */ = {isa = PBXBuildFile; fileRef = 034DEEDA2BE7DE5600B29CB9 /* Service.swift */; };
		034DEEDD2BE7DEB200B29CB9 /* Request.swift in Sources */ = {isa = PBXBuildFile; fileRef = 034DEEDC2BE7DEB200B29CB9 /* Request.swift */; };
		034DEEDF2BE7DF4900B29CB9 /* Endpoint.swift in Sources */ = {isa = PBXBuildFile; fileRef = 034DEEDE2BE7DF4900B29CB9 /* Endpoint.swift */; };
		034DEEE32BE8D0CF00B29CB9 /* GetAllTop.swift in Sources */ = {isa = PBXBuildFile; fileRef = 034DEEE22BE8D0CF00B29CB9 /* GetAllTop.swift */; };
		03729B7D2BFDA72B0058A426 /* ImageLoader.swift in Sources */ = {isa = PBXBuildFile; fileRef = 03729B7C2BFDA72B0058A426 /* ImageLoader.swift */; };
		03729B812BFE3A520058A426 /* TopAnimePhotoCollectionViewCell.swift in Sources */ = {isa = PBXBuildFile; fileRef = 03729B802BFE3A520058A426 /* TopAnimePhotoCollectionViewCell.swift */; };
		03729B832BFE7E7B0058A426 /* TopAnimeInformationCollectionViewCell.swift in Sources */ = {isa = PBXBuildFile; fileRef = 03729B822BFE7E7B0058A426 /* TopAnimeInformationCollectionViewCell.swift */; };
		03729B852BFE7E970058A426 /* TopAnimeTrailerCollectionViewCell.swift in Sources */ = {isa = PBXBuildFile; fileRef = 03729B842BFE7E970058A426 /* TopAnimeTrailerCollectionViewCell.swift */; };
		03729B8B2BFE7EF10058A426 /* TopAnimeDescriptionCollectionViewCell.swift in Sources */ = {isa = PBXBuildFile; fileRef = 03729B8A2BFE7EF10058A426 /* TopAnimeDescriptionCollectionViewCell.swift */; };
		03729B902BFE7F720058A426 /* TopAnimePhotoCollectionViewCellViewModel.swift in Sources */ = {isa = PBXBuildFile; fileRef = 03729B8F2BFE7F720058A426 /* TopAnimePhotoCollectionViewCellViewModel.swift */; };
		03729B922BFE7F800058A426 /* TopAnimeInformationCollectionViewCellViewModel.swift in Sources */ = {isa = PBXBuildFile; fileRef = 03729B912BFE7F800058A426 /* TopAnimeInformationCollectionViewCellViewModel.swift */; };
		03729B942BFE7F8D0058A426 /* TopAnimeTrailerCollectionViewCellViewModel.swift in Sources */ = {isa = PBXBuildFile; fileRef = 03729B932BFE7F8D0058A426 /* TopAnimeTrailerCollectionViewCellViewModel.swift */; };
		03729B9A2BFE7FB40058A426 /* TopAnimeDescriptionCollectionViewCellViewModel.swift in Sources */ = {isa = PBXBuildFile; fileRef = 03729B992BFE7FB40058A426 /* TopAnimeDescriptionCollectionViewCellViewModel.swift */; };
		03729B9E2BFF13070058A426 /* TopAnimeSectionHeader.swift in Sources */ = {isa = PBXBuildFile; fileRef = 03729B9D2BFF13070058A426 /* TopAnimeSectionHeader.swift */; };
		03966D632C00BA4B0010EB24 /* youtube_ios_player_helper.framework in Frameworks */ = {isa = PBXBuildFile; fileRef = 03966D622C00BA4B0010EB24 /* youtube_ios_player_helper.framework */; };
		03966D652C00DF780010EB24 /* Resources.swift in Sources */ = {isa = PBXBuildFile; fileRef = 03966D642C00DF780010EB24 /* Resources.swift */; };
		03966D682C00DFAC0010EB24 /* UIColor + ext.swift in Sources */ = {isa = PBXBuildFile; fileRef = 03966D672C00DFAC0010EB24 /* UIColor + ext.swift */; };
		03966D6D2C01DE080010EB24 /* Antonio-Bold.ttf in Resources */ = {isa = PBXBuildFile; fileRef = 03966D6C2C01DE080010EB24 /* Antonio-Bold.ttf */; };
		03966D742C01DFFD0010EB24 /* Poppins-SemiBold.ttf in Resources */ = {isa = PBXBuildFile; fileRef = 03966D712C01DFFD0010EB24 /* Poppins-SemiBold.ttf */; };
		03966D752C01DFFD0010EB24 /* Poppins-Bold.ttf in Resources */ = {isa = PBXBuildFile; fileRef = 03966D722C01DFFD0010EB24 /* Poppins-Bold.ttf */; };
		03966D762C01DFFD0010EB24 /* Poppins-Regular.ttf in Resources */ = {isa = PBXBuildFile; fileRef = 03966D732C01DFFD0010EB24 /* Poppins-Regular.ttf */; };
		03966D782C01E13B0010EB24 /* Poppins-Light.ttf in Resources */ = {isa = PBXBuildFile; fileRef = 03966D772C01E13B0010EB24 /* Poppins-Light.ttf */; };
		03966D7E2C0266DF0010EB24 /* SwiftyStarRatingView.framework in Frameworks */ = {isa = PBXBuildFile; fileRef = 03966D7D2C0266DF0010EB24 /* SwiftyStarRatingView.framework */; };
		03966D852C0778920010EB24 /* UILabel + ext.swift in Sources */ = {isa = PBXBuildFile; fileRef = 03966D842C0778920010EB24 /* UILabel + ext.swift */; };
		03AF39212C1488E6005A2F06 /* MangaTopViewCellViewModel.swift in Sources */ = {isa = PBXBuildFile; fileRef = 03AF39202C1488E6005A2F06 /* MangaTopViewCellViewModel.swift */; };
		03AF39232C1489F0005A2F06 /* MangaTopCollectionViewCell.swift in Sources */ = {isa = PBXBuildFile; fileRef = 03AF39222C1489F0005A2F06 /* MangaTopCollectionViewCell.swift */; };
		147592355B1ECD9423EA9A33 /* Pods_AniWiki.framework in Frameworks */ = {isa = PBXBuildFile; fileRef = A7EBD18299460EBAD2220A32 /* Pods_AniWiki.framework */; };
/* End PBXBuildFile section */

/* Begin PBXFileReference section */
		0305E7D62BF261D30089AD95 /* TopAnimeDetailViewController.swift */ = {isa = PBXFileReference; lastKnownFileType = sourcecode.swift; path = TopAnimeDetailViewController.swift; sourceTree = "<group>"; };
		0305E7D82BF262500089AD95 /* TopAnimeDetailView.swift */ = {isa = PBXFileReference; lastKnownFileType = sourcecode.swift; path = TopAnimeDetailView.swift; sourceTree = "<group>"; };
		0305E7DA2BF2626A0089AD95 /* TopAnimeDetailViewViewModel.swift */ = {isa = PBXFileReference; lastKnownFileType = sourcecode.swift; path = TopAnimeDetailViewViewModel.swift; sourceTree = "<group>"; };
		0305E7DF2BF3BA0A0089AD95 /* FooterLoadingCollectionReusableView.swift */ = {isa = PBXFileReference; lastKnownFileType = sourcecode.swift; path = FooterLoadingCollectionReusableView.swift; sourceTree = "<group>"; };
		033C05CF2BEA5BDE00D626CE /* TopListViewViewModel.swift */ = {isa = PBXFileReference; lastKnownFileType = sourcecode.swift; path = TopListViewViewModel.swift; sourceTree = "<group>"; };
		033C05D12BEA5C6600D626CE /* TopAnimeListView.swift */ = {isa = PBXFileReference; lastKnownFileType = sourcecode.swift; path = TopAnimeListView.swift; sourceTree = "<group>"; };
		033C05D32BEA73A800D626CE /* TopAnimeCollectionViewCell.swift */ = {isa = PBXFileReference; lastKnownFileType = sourcecode.swift; path = TopAnimeCollectionViewCell.swift; sourceTree = "<group>"; };
		033C05D52BEA74B700D626CE /* TopCollectionViewCellViewModel.swift */ = {isa = PBXFileReference; lastKnownFileType = sourcecode.swift; path = TopCollectionViewCellViewModel.swift; sourceTree = "<group>"; };
		033D76732C0B1EDD007FF534 /* MangaTextField.swift */ = {isa = PBXFileReference; lastKnownFileType = sourcecode.swift; path = MangaTextField.swift; sourceTree = "<group>"; };
		033D76762C0B2A49007FF534 /* TopAnimeSearchBar.swift */ = {isa = PBXFileReference; lastKnownFileType = sourcecode.swift; path = TopAnimeSearchBar.swift; sourceTree = "<group>"; };
		033D76782C0B3FBC007FF534 /* UISearchBar + ext.swift */ = {isa = PBXFileReference; lastKnownFileType = sourcecode.swift; path = "UISearchBar + ext.swift"; sourceTree = "<group>"; };
		033D767A2C0BAAA4007FF534 /* UIViewController + ext.swift */ = {isa = PBXFileReference; lastKnownFileType = sourcecode.swift; path = "UIViewController + ext.swift"; sourceTree = "<group>"; };
		033D767C2C0C8412007FF534 /* MangaListViewViewModel.swift */ = {isa = PBXFileReference; lastKnownFileType = sourcecode.swift; path = MangaListViewViewModel.swift; sourceTree = "<group>"; };
		033D767E2C0C8444007FF534 /* MangaListView.swift */ = {isa = PBXFileReference; lastKnownFileType = sourcecode.swift; path = MangaListView.swift; sourceTree = "<group>"; };
		033D76802C0C9FDF007FF534 /* MangaCollectionViewCell.swift */ = {isa = PBXFileReference; lastKnownFileType = sourcecode.swift; path = MangaCollectionViewCell.swift; sourceTree = "<group>"; };
		033D76822C0CA37B007FF534 /* MangaCollectionViewCellViewModel.swift */ = {isa = PBXFileReference; lastKnownFileType = sourcecode.swift; path = MangaCollectionViewCellViewModel.swift; sourceTree = "<group>"; };
		033D76862C0CDDA2007FF534 /* MangaRecommendationsViewCellViewModel.swift */ = {isa = PBXFileReference; lastKnownFileType = sourcecode.swift; path = MangaRecommendationsViewCellViewModel.swift; sourceTree = "<group>"; };
		033D76892C0CDE23007FF534 /* MangaRecommendationsCollectionViewCell.swift */ = {isa = PBXFileReference; lastKnownFileType = sourcecode.swift; path = MangaRecommendationsCollectionViewCell.swift; sourceTree = "<group>"; };
		033D768B2C0D7C94007FF534 /* GetMangaRecommendations.swift */ = {isa = PBXFileReference; lastKnownFileType = sourcecode.swift; path = GetMangaRecommendations.swift; sourceTree = "<group>"; };
		033D768D2C0DED36007FF534 /* MangaSectionHeader.swift */ = {isa = PBXFileReference; lastKnownFileType = sourcecode.swift; path = MangaSectionHeader.swift; sourceTree = "<group>"; };
		033D768F2C0E1A94007FF534 /* MangaDetailViewController.swift */ = {isa = PBXFileReference; lastKnownFileType = sourcecode.swift; path = MangaDetailViewController.swift; sourceTree = "<group>"; };
		033D76922C0E1AE3007FF534 /* MangaDetailView.swift */ = {isa = PBXFileReference; lastKnownFileType = sourcecode.swift; path = MangaDetailView.swift; sourceTree = "<group>"; };
		033D76952C0E1B05007FF534 /* MangaDetailViewViewModel.swift */ = {isa = PBXFileReference; lastKnownFileType = sourcecode.swift; path = MangaDetailViewViewModel.swift; sourceTree = "<group>"; };
		033D76972C0F18F4007FF534 /* MangaFull.swift */ = {isa = PBXFileReference; lastKnownFileType = sourcecode.swift; path = MangaFull.swift; sourceTree = "<group>"; };
		033D76992C0F42C7007FF534 /* MangaFullPhotoCollectionViewCellViewModel.swift */ = {isa = PBXFileReference; lastKnownFileType = sourcecode.swift; path = MangaFullPhotoCollectionViewCellViewModel.swift; sourceTree = "<group>"; };
		033D769B2C0F4319007FF534 /* MangaFullPhotoCollectionViewCell.swift */ = {isa = PBXFileReference; lastKnownFileType = sourcecode.swift; path = MangaFullPhotoCollectionViewCell.swift; sourceTree = "<group>"; };
		033D769D2C10C005007FF534 /* MangaFullTitleCollectionViewCell.swift */ = {isa = PBXFileReference; lastKnownFileType = sourcecode.swift; path = MangaFullTitleCollectionViewCell.swift; sourceTree = "<group>"; };
		033D769F2C10C1AB007FF534 /* MangaFullTitleCollectionViewCellViewModel.swift */ = {isa = PBXFileReference; lastKnownFileType = sourcecode.swift; path = MangaFullTitleCollectionViewCellViewModel.swift; sourceTree = "<group>"; };
		033D76A12C10D1B8007FF534 /* MangaFullBaseInfoCollectionViewCell.swift */ = {isa = PBXFileReference; lastKnownFileType = sourcecode.swift; path = MangaFullBaseInfoCollectionViewCell.swift; sourceTree = "<group>"; };
		033D76A32C10D1D3007FF534 /* MangaFullBaseInfoCollectionViewCellViewModel.swift */ = {isa = PBXFileReference; lastKnownFileType = sourcecode.swift; path = MangaFullBaseInfoCollectionViewCellViewModel.swift; sourceTree = "<group>"; };
		033D76A52C11625E007FF534 /* MangaFullInformationCollectionViewCell.swift */ = {isa = PBXFileReference; lastKnownFileType = sourcecode.swift; path = MangaFullInformationCollectionViewCell.swift; sourceTree = "<group>"; };
		033D76A72C11626F007FF534 /* MangaFullInformationCollectionViewCellViewModel.swift */ = {isa = PBXFileReference; lastKnownFileType = sourcecode.swift; path = MangaFullInformationCollectionViewCellViewModel.swift; sourceTree = "<group>"; };
		033D76A92C116F21007FF534 /* MangaDetailSectionHeader.swift */ = {isa = PBXFileReference; lastKnownFileType = sourcecode.swift; path = MangaDetailSectionHeader.swift; sourceTree = "<group>"; };
		033D76AB2C119EF6007FF534 /* MangaFullDescriptionCollectionViewCellViewModel.swift */ = {isa = PBXFileReference; lastKnownFileType = sourcecode.swift; path = MangaFullDescriptionCollectionViewCellViewModel.swift; sourceTree = "<group>"; };
		033D76AD2C119F45007FF534 /* MangaFullDescriptionCollectionViewCell.swift */ = {isa = PBXFileReference; lastKnownFileType = sourcecode.swift; path = MangaFullDescriptionCollectionViewCell.swift; sourceTree = "<group>"; };
		033D76AF2C11EA26007FF534 /* MangaFullGenresCollectionViewCellViewModel.swift */ = {isa = PBXFileReference; lastKnownFileType = sourcecode.swift; path = MangaFullGenresCollectionViewCellViewModel.swift; sourceTree = "<group>"; };
		033D76B12C11EB1F007FF534 /* MangaFullGenresCollectionViewCell.swift */ = {isa = PBXFileReference; lastKnownFileType = sourcecode.swift; path = MangaFullGenresCollectionViewCell.swift; sourceTree = "<group>"; };
		034DEEB12BE7D5CA00B29CB9 /* AniWiki.app */ = {isa = PBXFileReference; explicitFileType = wrapper.application; includeInIndex = 0; path = AniWiki.app; sourceTree = BUILT_PRODUCTS_DIR; };
		034DEEB42BE7D5CA00B29CB9 /* AppDelegate.swift */ = {isa = PBXFileReference; lastKnownFileType = sourcecode.swift; path = AppDelegate.swift; sourceTree = "<group>"; };
		034DEEB62BE7D5CA00B29CB9 /* SceneDelegate.swift */ = {isa = PBXFileReference; lastKnownFileType = sourcecode.swift; path = SceneDelegate.swift; sourceTree = "<group>"; };
		034DEEB82BE7D5CA00B29CB9 /* TabViewController.swift */ = {isa = PBXFileReference; lastKnownFileType = sourcecode.swift; path = TabViewController.swift; sourceTree = "<group>"; };
		034DEEBD2BE7D5CC00B29CB9 /* Assets.xcassets */ = {isa = PBXFileReference; lastKnownFileType = folder.assetcatalog; path = Assets.xcassets; sourceTree = "<group>"; };
		034DEEC02BE7D5CC00B29CB9 /* Base */ = {isa = PBXFileReference; lastKnownFileType = file.storyboard; name = Base; path = Base.lproj/LaunchScreen.storyboard; sourceTree = "<group>"; };
		034DEEC22BE7D5CC00B29CB9 /* Info.plist */ = {isa = PBXFileReference; lastKnownFileType = text.plist.xml; path = Info.plist; sourceTree = "<group>"; };
		034DEECE2BE7D89A00B29CB9 /* MangaRecommendation.swift */ = {isa = PBXFileReference; lastKnownFileType = sourcecode.swift; path = MangaRecommendation.swift; sourceTree = "<group>"; };
		034DEED02BE7D8A300B29CB9 /* Characters.swift */ = {isa = PBXFileReference; lastKnownFileType = sourcecode.swift; path = Characters.swift; sourceTree = "<group>"; };
		034DEED22BE7D8A900B29CB9 /* UniObject.swift */ = {isa = PBXFileReference; lastKnownFileType = sourcecode.swift; path = UniObject.swift; sourceTree = "<group>"; };
		034DEED42BE7D93000B29CB9 /* CharactersViewController.swift */ = {isa = PBXFileReference; lastKnownFileType = sourcecode.swift; path = CharactersViewController.swift; sourceTree = "<group>"; };
		034DEED62BE7D93900B29CB9 /* TopViewController.swift */ = {isa = PBXFileReference; lastKnownFileType = sourcecode.swift; path = TopViewController.swift; sourceTree = "<group>"; };
		034DEED82BE7D94900B29CB9 /* MangaViewController.swift */ = {isa = PBXFileReference; lastKnownFileType = sourcecode.swift; path = MangaViewController.swift; sourceTree = "<group>"; };
		034DEEDA2BE7DE5600B29CB9 /* Service.swift */ = {isa = PBXFileReference; lastKnownFileType = sourcecode.swift; path = Service.swift; sourceTree = "<group>"; };
		034DEEDC2BE7DEB200B29CB9 /* Request.swift */ = {isa = PBXFileReference; lastKnownFileType = sourcecode.swift; path = Request.swift; sourceTree = "<group>"; };
		034DEEDE2BE7DF4900B29CB9 /* Endpoint.swift */ = {isa = PBXFileReference; lastKnownFileType = sourcecode.swift; path = Endpoint.swift; sourceTree = "<group>"; };
		034DEEE22BE8D0CF00B29CB9 /* GetAllTop.swift */ = {isa = PBXFileReference; lastKnownFileType = sourcecode.swift; path = GetAllTop.swift; sourceTree = "<group>"; };
		03729B7C2BFDA72B0058A426 /* ImageLoader.swift */ = {isa = PBXFileReference; lastKnownFileType = sourcecode.swift; path = ImageLoader.swift; sourceTree = "<group>"; };
		03729B802BFE3A520058A426 /* TopAnimePhotoCollectionViewCell.swift */ = {isa = PBXFileReference; lastKnownFileType = sourcecode.swift; path = TopAnimePhotoCollectionViewCell.swift; sourceTree = "<group>"; };
		03729B822BFE7E7B0058A426 /* TopAnimeInformationCollectionViewCell.swift */ = {isa = PBXFileReference; lastKnownFileType = sourcecode.swift; path = TopAnimeInformationCollectionViewCell.swift; sourceTree = "<group>"; };
		03729B842BFE7E970058A426 /* TopAnimeTrailerCollectionViewCell.swift */ = {isa = PBXFileReference; lastKnownFileType = sourcecode.swift; path = TopAnimeTrailerCollectionViewCell.swift; sourceTree = "<group>"; };
		03729B8A2BFE7EF10058A426 /* TopAnimeDescriptionCollectionViewCell.swift */ = {isa = PBXFileReference; lastKnownFileType = sourcecode.swift; path = TopAnimeDescriptionCollectionViewCell.swift; sourceTree = "<group>"; };
		03729B8F2BFE7F720058A426 /* TopAnimePhotoCollectionViewCellViewModel.swift */ = {isa = PBXFileReference; lastKnownFileType = sourcecode.swift; path = TopAnimePhotoCollectionViewCellViewModel.swift; sourceTree = "<group>"; };
		03729B912BFE7F800058A426 /* TopAnimeInformationCollectionViewCellViewModel.swift */ = {isa = PBXFileReference; lastKnownFileType = sourcecode.swift; path = TopAnimeInformationCollectionViewCellViewModel.swift; sourceTree = "<group>"; };
		03729B932BFE7F8D0058A426 /* TopAnimeTrailerCollectionViewCellViewModel.swift */ = {isa = PBXFileReference; lastKnownFileType = sourcecode.swift; path = TopAnimeTrailerCollectionViewCellViewModel.swift; sourceTree = "<group>"; };
		03729B992BFE7FB40058A426 /* TopAnimeDescriptionCollectionViewCellViewModel.swift */ = {isa = PBXFileReference; lastKnownFileType = sourcecode.swift; path = TopAnimeDescriptionCollectionViewCellViewModel.swift; sourceTree = "<group>"; };
		03729B9D2BFF13070058A426 /* TopAnimeSectionHeader.swift */ = {isa = PBXFileReference; lastKnownFileType = sourcecode.swift; path = TopAnimeSectionHeader.swift; sourceTree = "<group>"; };
		03966D5E2BFFB0C10010EB24 /* YouTubePlayer.framework */ = {isa = PBXFileReference; explicitFileType = wrapper.framework; path = YouTubePlayer.framework; sourceTree = BUILT_PRODUCTS_DIR; };
		03966D602BFFB0F00010EB24 /* YouTubePlayer.framework */ = {isa = PBXFileReference; explicitFileType = wrapper.framework; path = YouTubePlayer.framework; sourceTree = BUILT_PRODUCTS_DIR; };
		03966D622C00BA4B0010EB24 /* youtube_ios_player_helper.framework */ = {isa = PBXFileReference; explicitFileType = wrapper.framework; path = youtube_ios_player_helper.framework; sourceTree = BUILT_PRODUCTS_DIR; };
		03966D642C00DF780010EB24 /* Resources.swift */ = {isa = PBXFileReference; lastKnownFileType = sourcecode.swift; path = Resources.swift; sourceTree = "<group>"; };
		03966D672C00DFAC0010EB24 /* UIColor + ext.swift */ = {isa = PBXFileReference; lastKnownFileType = sourcecode.swift; path = "UIColor + ext.swift"; sourceTree = "<group>"; };
		03966D6C2C01DE080010EB24 /* Antonio-Bold.ttf */ = {isa = PBXFileReference; lastKnownFileType = file; path = "Antonio-Bold.ttf"; sourceTree = "<group>"; };
		03966D712C01DFFD0010EB24 /* Poppins-SemiBold.ttf */ = {isa = PBXFileReference; lastKnownFileType = file; path = "Poppins-SemiBold.ttf"; sourceTree = "<group>"; };
		03966D722C01DFFD0010EB24 /* Poppins-Bold.ttf */ = {isa = PBXFileReference; lastKnownFileType = file; path = "Poppins-Bold.ttf"; sourceTree = "<group>"; };
		03966D732C01DFFD0010EB24 /* Poppins-Regular.ttf */ = {isa = PBXFileReference; lastKnownFileType = file; path = "Poppins-Regular.ttf"; sourceTree = "<group>"; };
		03966D772C01E13B0010EB24 /* Poppins-Light.ttf */ = {isa = PBXFileReference; lastKnownFileType = file; path = "Poppins-Light.ttf"; sourceTree = "<group>"; };
		03966D7D2C0266DF0010EB24 /* SwiftyStarRatingView.framework */ = {isa = PBXFileReference; explicitFileType = wrapper.framework; path = SwiftyStarRatingView.framework; sourceTree = BUILT_PRODUCTS_DIR; };
		03966D842C0778920010EB24 /* UILabel + ext.swift */ = {isa = PBXFileReference; lastKnownFileType = sourcecode.swift; path = "UILabel + ext.swift"; sourceTree = "<group>"; };
		03AF39202C1488E6005A2F06 /* MangaTopViewCellViewModel.swift */ = {isa = PBXFileReference; lastKnownFileType = sourcecode.swift; path = MangaTopViewCellViewModel.swift; sourceTree = "<group>"; };
		03AF39222C1489F0005A2F06 /* MangaTopCollectionViewCell.swift */ = {isa = PBXFileReference; lastKnownFileType = sourcecode.swift; path = MangaTopCollectionViewCell.swift; sourceTree = "<group>"; };
		4D67557A8AB749570A50EF33 /* Pods-AniWiki.debug.xcconfig */ = {isa = PBXFileReference; includeInIndex = 1; lastKnownFileType = text.xcconfig; name = "Pods-AniWiki.debug.xcconfig"; path = "Target Support Files/Pods-AniWiki/Pods-AniWiki.debug.xcconfig"; sourceTree = "<group>"; };
		A7EBD18299460EBAD2220A32 /* Pods_AniWiki.framework */ = {isa = PBXFileReference; explicitFileType = wrapper.framework; includeInIndex = 0; path = Pods_AniWiki.framework; sourceTree = BUILT_PRODUCTS_DIR; };
		FC3827FF0DDF35646A2A32DF /* Pods-AniWiki.release.xcconfig */ = {isa = PBXFileReference; includeInIndex = 1; lastKnownFileType = text.xcconfig; name = "Pods-AniWiki.release.xcconfig"; path = "Target Support Files/Pods-AniWiki/Pods-AniWiki.release.xcconfig"; sourceTree = "<group>"; };
/* End PBXFileReference section */

/* Begin PBXFrameworksBuildPhase section */
		034DEEAE2BE7D5CA00B29CB9 /* Frameworks */ = {
			isa = PBXFrameworksBuildPhase;
			buildActionMask = 2147483647;
			files = (
				03966D7E2C0266DF0010EB24 /* SwiftyStarRatingView.framework in Frameworks */,
				03966D632C00BA4B0010EB24 /* youtube_ios_player_helper.framework in Frameworks */,
				147592355B1ECD9423EA9A33 /* Pods_AniWiki.framework in Frameworks */,
			);
			runOnlyForDeploymentPostprocessing = 0;
		};
/* End PBXFrameworksBuildPhase section */

/* Begin PBXGroup section */
		0305E7D52BF261AD0089AD95 /* Core */ = {
			isa = PBXGroup;
			children = (
				034DEEB82BE7D5CA00B29CB9 /* TabViewController.swift */,
				034DEED42BE7D93000B29CB9 /* CharactersViewController.swift */,
				034DEED62BE7D93900B29CB9 /* TopViewController.swift */,
				034DEED82BE7D94900B29CB9 /* MangaViewController.swift */,
			);
			path = Core;
			sourceTree = "<group>";
		};
		033D76752C0B23E1007FF534 /* Manga */ = {
			isa = PBXGroup;
			children = (
				033D76732C0B1EDD007FF534 /* MangaTextField.swift */,
				033D76802C0C9FDF007FF534 /* MangaCollectionViewCell.swift */,
				033D767E2C0C8444007FF534 /* MangaListView.swift */,
				033D768D2C0DED36007FF534 /* MangaSectionHeader.swift */,
			);
			path = Manga;
			sourceTree = "<group>";
		};
		033D76842C0CDCB8007FF534 /* TopAnimeList */ = {
			isa = PBXGroup;
			children = (
				033C05CF2BEA5BDE00D626CE /* TopListViewViewModel.swift */,
				033C05D52BEA74B700D626CE /* TopCollectionViewCellViewModel.swift */,
			);
			path = TopAnimeList;
			sourceTree = "<group>";
		};
		033D76852C0CDD74007FF534 /* MangaSections */ = {
			isa = PBXGroup;
			children = (
				033D76862C0CDDA2007FF534 /* MangaRecommendationsViewCellViewModel.swift */,
				03AF39202C1488E6005A2F06 /* MangaTopViewCellViewModel.swift */,
			);
			path = MangaSections;
			sourceTree = "<group>";
		};
		033D76882C0CDDF6007FF534 /* MangaSections */ = {
			isa = PBXGroup;
			children = (
				033D76892C0CDE23007FF534 /* MangaRecommendationsCollectionViewCell.swift */,
				03AF39222C1489F0005A2F06 /* MangaTopCollectionViewCell.swift */,
			);
			path = MangaSections;
			sourceTree = "<group>";
		};
		033D76912C0E1AD2007FF534 /* MangaDetails */ = {
			isa = PBXGroup;
			children = (
				033D76922C0E1AE3007FF534 /* MangaDetailView.swift */,
				033D769B2C0F4319007FF534 /* MangaFullPhotoCollectionViewCell.swift */,
				033D769D2C10C005007FF534 /* MangaFullTitleCollectionViewCell.swift */,
				033D76A12C10D1B8007FF534 /* MangaFullBaseInfoCollectionViewCell.swift */,
				033D76A52C11625E007FF534 /* MangaFullInformationCollectionViewCell.swift */,
				033D76AD2C119F45007FF534 /* MangaFullDescriptionCollectionViewCell.swift */,
				033D76B12C11EB1F007FF534 /* MangaFullGenresCollectionViewCell.swift */,
				033D76A92C116F21007FF534 /* MangaDetailSectionHeader.swift */,
			);
			path = MangaDetails;
			sourceTree = "<group>";
		};
		033D76942C0E1AF9007FF534 /* MangaDetail */ = {
			isa = PBXGroup;
			children = (
				033D76952C0E1B05007FF534 /* MangaDetailViewViewModel.swift */,
				033D76992C0F42C7007FF534 /* MangaFullPhotoCollectionViewCellViewModel.swift */,
				033D769F2C10C1AB007FF534 /* MangaFullTitleCollectionViewCellViewModel.swift */,
				033D76A32C10D1D3007FF534 /* MangaFullBaseInfoCollectionViewCellViewModel.swift */,
				033D76A72C11626F007FF534 /* MangaFullInformationCollectionViewCellViewModel.swift */,
				033D76AB2C119EF6007FF534 /* MangaFullDescriptionCollectionViewCellViewModel.swift */,
				033D76AF2C11EA26007FF534 /* MangaFullGenresCollectionViewCellViewModel.swift */,
			);
			path = MangaDetail;
			sourceTree = "<group>";
		};
		034DEEA82BE7D5CA00B29CB9 = {
			isa = PBXGroup;
			children = (
				034DEEB32BE7D5CA00B29CB9 /* AniWiki */,
				034DEEB22BE7D5CA00B29CB9 /* Products */,
				FAC63407661B80F637914BE0 /* Pods */,
				24F7776E4C5354CE953E4538 /* Frameworks */,
			);
			sourceTree = "<group>";
		};
		034DEEB22BE7D5CA00B29CB9 /* Products */ = {
			isa = PBXGroup;
			children = (
				034DEEB12BE7D5CA00B29CB9 /* AniWiki.app */,
			);
			name = Products;
			sourceTree = "<group>";
		};
		034DEEB32BE7D5CA00B29CB9 /* AniWiki */ = {
			isa = PBXGroup;
			children = (
				03729B7B2BFDA7200058A426 /* Managers */,
				034DEECD2BE7D72500B29CB9 /* Resources */,
				034DEECC2BE7D6EC00B29CB9 /* APIClient */,
				034DEECB2BE7D6A700B29CB9 /* ViewModels */,
				034DEECA2BE7D6A000B29CB9 /* Views */,
				034DEEC92BE7D69900B29CB9 /* Models */,
				034DEEC82BE7D69200B29CB9 /* Controllers */,
				034DEEC22BE7D5CC00B29CB9 /* Info.plist */,
			);
			path = AniWiki;
			sourceTree = "<group>";
		};
		034DEEC82BE7D69200B29CB9 /* Controllers */ = {
			isa = PBXGroup;
			children = (
				0305E7D52BF261AD0089AD95 /* Core */,
				0305E7D62BF261D30089AD95 /* TopAnimeDetailViewController.swift */,
				033D768F2C0E1A94007FF534 /* MangaDetailViewController.swift */,
			);
			path = Controllers;
			sourceTree = "<group>";
		};
		034DEEC92BE7D69900B29CB9 /* Models */ = {
			isa = PBXGroup;
			children = (
				034DEEE12BE8D09300B29CB9 /* APIResponseTypes */,
				034DEEE02BE8D08400B29CB9 /* DataTypes */,
			);
			path = Models;
			sourceTree = "<group>";
		};
		034DEECA2BE7D6A000B29CB9 /* Views */ = {
			isa = PBXGroup;
			children = (
				033D76912C0E1AD2007FF534 /* MangaDetails */,
				033D76882C0CDDF6007FF534 /* MangaSections */,
				033D76752C0B23E1007FF534 /* Manga */,
				03729B7F2BFE39750058A426 /* TopAnime */,
				03729B7E2BFE39090058A426 /* TopAnimeDetails */,
				0305E7DF2BF3BA0A0089AD95 /* FooterLoadingCollectionReusableView.swift */,
			);
			path = Views;
			sourceTree = "<group>";
		};
		034DEECB2BE7D6A700B29CB9 /* ViewModels */ = {
			isa = PBXGroup;
			children = (
				033D76942C0E1AF9007FF534 /* MangaDetail */,
				033D76852C0CDD74007FF534 /* MangaSections */,
				03729B8E2BFE7F5D0058A426 /* TopAnimeDetail */,
				033D76842C0CDCB8007FF534 /* TopAnimeList */,
				033D767C2C0C8412007FF534 /* MangaListViewViewModel.swift */,
				033D76822C0CA37B007FF534 /* MangaCollectionViewCellViewModel.swift */,
			);
			path = ViewModels;
			sourceTree = "<group>";
		};
		034DEECC2BE7D6EC00B29CB9 /* APIClient */ = {
			isa = PBXGroup;
			children = (
				034DEEDA2BE7DE5600B29CB9 /* Service.swift */,
				034DEEDC2BE7DEB200B29CB9 /* Request.swift */,
				034DEEDE2BE7DF4900B29CB9 /* Endpoint.swift */,
			);
			path = APIClient;
			sourceTree = "<group>";
		};
		034DEECD2BE7D72500B29CB9 /* Resources */ = {
			isa = PBXGroup;
			children = (
				03966D6B2C01DDEA0010EB24 /* Fonts */,
				03966D6A2C00DFE50010EB24 /* CoreHelpers */,
				03966D662C00DF990010EB24 /* Extensions */,
				03966D642C00DF780010EB24 /* Resources.swift */,
			);
			path = Resources;
			sourceTree = "<group>";
		};
		034DEEE02BE8D08400B29CB9 /* DataTypes */ = {
			isa = PBXGroup;
			children = (
				034DEECE2BE7D89A00B29CB9 /* MangaRecommendation.swift */,
				034DEED02BE7D8A300B29CB9 /* Characters.swift */,
				034DEED22BE7D8A900B29CB9 /* UniObject.swift */,
				033D76972C0F18F4007FF534 /* MangaFull.swift */,
			);
			path = DataTypes;
			sourceTree = "<group>";
		};
		034DEEE12BE8D09300B29CB9 /* APIResponseTypes */ = {
			isa = PBXGroup;
			children = (
				034DEEE22BE8D0CF00B29CB9 /* GetAllTop.swift */,
				033D768B2C0D7C94007FF534 /* GetMangaRecommendations.swift */,
			);
			path = APIResponseTypes;
			sourceTree = "<group>";
		};
		03729B7B2BFDA7200058A426 /* Managers */ = {
			isa = PBXGroup;
			children = (
				03729B7C2BFDA72B0058A426 /* ImageLoader.swift */,
			);
			path = Managers;
			sourceTree = "<group>";
		};
		03729B7E2BFE39090058A426 /* TopAnimeDetails */ = {
			isa = PBXGroup;
			children = (
				0305E7D82BF262500089AD95 /* TopAnimeDetailView.swift */,
				03729B802BFE3A520058A426 /* TopAnimePhotoCollectionViewCell.swift */,
				03729B9D2BFF13070058A426 /* TopAnimeSectionHeader.swift */,
				03729B822BFE7E7B0058A426 /* TopAnimeInformationCollectionViewCell.swift */,
				03729B842BFE7E970058A426 /* TopAnimeTrailerCollectionViewCell.swift */,
				03729B8A2BFE7EF10058A426 /* TopAnimeDescriptionCollectionViewCell.swift */,
			);
			path = TopAnimeDetails;
			sourceTree = "<group>";
		};
		03729B7F2BFE39750058A426 /* TopAnime */ = {
			isa = PBXGroup;
			children = (
				033C05D12BEA5C6600D626CE /* TopAnimeListView.swift */,
				033C05D32BEA73A800D626CE /* TopAnimeCollectionViewCell.swift */,
				033D76762C0B2A49007FF534 /* TopAnimeSearchBar.swift */,
			);
			path = TopAnime;
			sourceTree = "<group>";
		};
		03729B8E2BFE7F5D0058A426 /* TopAnimeDetail */ = {
			isa = PBXGroup;
			children = (
				0305E7DA2BF2626A0089AD95 /* TopAnimeDetailViewViewModel.swift */,
				03729B8F2BFE7F720058A426 /* TopAnimePhotoCollectionViewCellViewModel.swift */,
				03729B912BFE7F800058A426 /* TopAnimeInformationCollectionViewCellViewModel.swift */,
				03729B932BFE7F8D0058A426 /* TopAnimeTrailerCollectionViewCellViewModel.swift */,
				03729B992BFE7FB40058A426 /* TopAnimeDescriptionCollectionViewCellViewModel.swift */,
			);
			path = TopAnimeDetail;
			sourceTree = "<group>";
		};
		03966D662C00DF990010EB24 /* Extensions */ = {
			isa = PBXGroup;
			children = (
				03966D672C00DFAC0010EB24 /* UIColor + ext.swift */,
				03966D842C0778920010EB24 /* UILabel + ext.swift */,
				033D76782C0B3FBC007FF534 /* UISearchBar + ext.swift */,
				033D767A2C0BAAA4007FF534 /* UIViewController + ext.swift */,
			);
			path = Extensions;
			sourceTree = "<group>";
		};
		03966D6A2C00DFE50010EB24 /* CoreHelpers */ = {
			isa = PBXGroup;
			children = (
				034DEEBD2BE7D5CC00B29CB9 /* Assets.xcassets */,
				034DEEBF2BE7D5CC00B29CB9 /* LaunchScreen.storyboard */,
				034DEEB42BE7D5CA00B29CB9 /* AppDelegate.swift */,
				034DEEB62BE7D5CA00B29CB9 /* SceneDelegate.swift */,
			);
			path = CoreHelpers;
			sourceTree = "<group>";
		};
		03966D6B2C01DDEA0010EB24 /* Fonts */ = {
			isa = PBXGroup;
			children = (
				03966D702C01DF900010EB24 /* Poppins */,
				03966D6C2C01DE080010EB24 /* Antonio-Bold.ttf */,
			);
			path = Fonts;
			sourceTree = "<group>";
		};
		03966D702C01DF900010EB24 /* Poppins */ = {
			isa = PBXGroup;
			children = (
				03966D722C01DFFD0010EB24 /* Poppins-Bold.ttf */,
				03966D732C01DFFD0010EB24 /* Poppins-Regular.ttf */,
				03966D712C01DFFD0010EB24 /* Poppins-SemiBold.ttf */,
				03966D772C01E13B0010EB24 /* Poppins-Light.ttf */,
			);
			path = Poppins;
			sourceTree = "<group>";
		};
		24F7776E4C5354CE953E4538 /* Frameworks */ = {
			isa = PBXGroup;
			children = (
				03966D7D2C0266DF0010EB24 /* SwiftyStarRatingView.framework */,
				03966D622C00BA4B0010EB24 /* youtube_ios_player_helper.framework */,
				03966D602BFFB0F00010EB24 /* YouTubePlayer.framework */,
				03966D5E2BFFB0C10010EB24 /* YouTubePlayer.framework */,
				A7EBD18299460EBAD2220A32 /* Pods_AniWiki.framework */,
			);
			name = Frameworks;
			sourceTree = "<group>";
		};
		FAC63407661B80F637914BE0 /* Pods */ = {
			isa = PBXGroup;
			children = (
				4D67557A8AB749570A50EF33 /* Pods-AniWiki.debug.xcconfig */,
				FC3827FF0DDF35646A2A32DF /* Pods-AniWiki.release.xcconfig */,
			);
			path = Pods;
			sourceTree = "<group>";
		};
/* End PBXGroup section */

/* Begin PBXNativeTarget section */
		034DEEB02BE7D5CA00B29CB9 /* AniWiki */ = {
			isa = PBXNativeTarget;
			buildConfigurationList = 034DEEC52BE7D5CC00B29CB9 /* Build configuration list for PBXNativeTarget "AniWiki" */;
			buildPhases = (
				A152D84EC08AB0DA39DF389F /* [CP] Check Pods Manifest.lock */,
				034DEEAD2BE7D5CA00B29CB9 /* Sources */,
				034DEEAE2BE7D5CA00B29CB9 /* Frameworks */,
				034DEEAF2BE7D5CA00B29CB9 /* Resources */,
				53DFCBBFBC7E4B0C0411AF70 /* [CP] Embed Pods Frameworks */,
			);
			buildRules = (
			);
			dependencies = (
			);
			name = AniWiki;
			productName = AniWiki;
			productReference = 034DEEB12BE7D5CA00B29CB9 /* AniWiki.app */;
			productType = "com.apple.product-type.application";
		};
/* End PBXNativeTarget section */

/* Begin PBXProject section */
		034DEEA92BE7D5CA00B29CB9 /* Project object */ = {
			isa = PBXProject;
			attributes = {
				BuildIndependentTargetsInParallel = 1;
				LastSwiftUpdateCheck = 1500;
				LastUpgradeCheck = 1500;
				TargetAttributes = {
					034DEEB02BE7D5CA00B29CB9 = {
						CreatedOnToolsVersion = 15.0;
					};
				};
			};
			buildConfigurationList = 034DEEAC2BE7D5CA00B29CB9 /* Build configuration list for PBXProject "AniWiki" */;
			compatibilityVersion = "Xcode 14.0";
			developmentRegion = en;
			hasScannedForEncodings = 0;
			knownRegions = (
				en,
				Base,
			);
			mainGroup = 034DEEA82BE7D5CA00B29CB9;
			productRefGroup = 034DEEB22BE7D5CA00B29CB9 /* Products */;
			projectDirPath = "";
			projectRoot = "";
			targets = (
				034DEEB02BE7D5CA00B29CB9 /* AniWiki */,
			);
		};
/* End PBXProject section */

/* Begin PBXResourcesBuildPhase section */
		034DEEAF2BE7D5CA00B29CB9 /* Resources */ = {
			isa = PBXResourcesBuildPhase;
			buildActionMask = 2147483647;
			files = (
				03966D782C01E13B0010EB24 /* Poppins-Light.ttf in Resources */,
				03966D6D2C01DE080010EB24 /* Antonio-Bold.ttf in Resources */,
				03966D742C01DFFD0010EB24 /* Poppins-SemiBold.ttf in Resources */,
				03966D752C01DFFD0010EB24 /* Poppins-Bold.ttf in Resources */,
				03966D762C01DFFD0010EB24 /* Poppins-Regular.ttf in Resources */,
				034DEEC12BE7D5CC00B29CB9 /* LaunchScreen.storyboard in Resources */,
				034DEEBE2BE7D5CC00B29CB9 /* Assets.xcassets in Resources */,
			);
			runOnlyForDeploymentPostprocessing = 0;
		};
/* End PBXResourcesBuildPhase section */

/* Begin PBXShellScriptBuildPhase section */
		53DFCBBFBC7E4B0C0411AF70 /* [CP] Embed Pods Frameworks */ = {
			isa = PBXShellScriptBuildPhase;
			buildActionMask = 2147483647;
			files = (
			);
			inputFileListPaths = (
				"${PODS_ROOT}/Target Support Files/Pods-AniWiki/Pods-AniWiki-frameworks-${CONFIGURATION}-input-files.xcfilelist",
			);
			name = "[CP] Embed Pods Frameworks";
			outputFileListPaths = (
				"${PODS_ROOT}/Target Support Files/Pods-AniWiki/Pods-AniWiki-frameworks-${CONFIGURATION}-output-files.xcfilelist",
			);
			runOnlyForDeploymentPostprocessing = 0;
			shellPath = /bin/sh;
			shellScript = "\"${PODS_ROOT}/Target Support Files/Pods-AniWiki/Pods-AniWiki-frameworks.sh\"\n";
			showEnvVarsInLog = 0;
		};
		A152D84EC08AB0DA39DF389F /* [CP] Check Pods Manifest.lock */ = {
			isa = PBXShellScriptBuildPhase;
			buildActionMask = 2147483647;
			files = (
			);
			inputFileListPaths = (
			);
			inputPaths = (
				"${PODS_PODFILE_DIR_PATH}/Podfile.lock",
				"${PODS_ROOT}/Manifest.lock",
			);
			name = "[CP] Check Pods Manifest.lock";
			outputFileListPaths = (
			);
			outputPaths = (
				"$(DERIVED_FILE_DIR)/Pods-AniWiki-checkManifestLockResult.txt",
			);
			runOnlyForDeploymentPostprocessing = 0;
			shellPath = /bin/sh;
			shellScript = "diff \"${PODS_PODFILE_DIR_PATH}/Podfile.lock\" \"${PODS_ROOT}/Manifest.lock\" > /dev/null\nif [ $? != 0 ] ; then\n    # print error to STDERR\n    echo \"error: The sandbox is not in sync with the Podfile.lock. Run 'pod install' or update your CocoaPods installation.\" >&2\n    exit 1\nfi\n# This output is used by Xcode 'outputs' to avoid re-running this script phase.\necho \"SUCCESS\" > \"${SCRIPT_OUTPUT_FILE_0}\"\n";
			showEnvVarsInLog = 0;
		};
/* End PBXShellScriptBuildPhase section */

/* Begin PBXSourcesBuildPhase section */
		034DEEAD2BE7D5CA00B29CB9 /* Sources */ = {
			isa = PBXSourcesBuildPhase;
			buildActionMask = 2147483647;
			files = (
				033D76742C0B1EDD007FF534 /* MangaTextField.swift in Sources */,
				033C05D42BEA73A800D626CE /* TopAnimeCollectionViewCell.swift in Sources */,
				03729B9E2BFF13070058A426 /* TopAnimeSectionHeader.swift in Sources */,
				03729B902BFE7F720058A426 /* TopAnimePhotoCollectionViewCellViewModel.swift in Sources */,
				033D76A02C10C1AB007FF534 /* MangaFullTitleCollectionViewCellViewModel.swift in Sources */,
				03729B812BFE3A520058A426 /* TopAnimePhotoCollectionViewCell.swift in Sources */,
				03729B8B2BFE7EF10058A426 /* TopAnimeDescriptionCollectionViewCell.swift in Sources */,
				03729B922BFE7F800058A426 /* TopAnimeInformationCollectionViewCellViewModel.swift in Sources */,
				033D76B22C11EB1F007FF534 /* MangaFullGenresCollectionViewCell.swift in Sources */,
				033D76A82C11626F007FF534 /* MangaFullInformationCollectionViewCellViewModel.swift in Sources */,
				033D769E2C10C005007FF534 /* MangaFullTitleCollectionViewCell.swift in Sources */,
				034DEED52BE7D93000B29CB9 /* CharactersViewController.swift in Sources */,
				033C05D22BEA5C6600D626CE /* TopAnimeListView.swift in Sources */,
				03966D682C00DFAC0010EB24 /* UIColor + ext.swift in Sources */,
				033D769C2C0F4319007FF534 /* MangaFullPhotoCollectionViewCell.swift in Sources */,
				03AF39232C1489F0005A2F06 /* MangaTopCollectionViewCell.swift in Sources */,
				034DEECF2BE7D89A00B29CB9 /* MangaRecommendation.swift in Sources */,
				034DEEB92BE7D5CA00B29CB9 /* TabViewController.swift in Sources */,
				0305E7DB2BF2626A0089AD95 /* TopAnimeDetailViewViewModel.swift in Sources */,
				033D76932C0E1AE3007FF534 /* MangaDetailView.swift in Sources */,
				033D76AC2C119EF6007FF534 /* MangaFullDescriptionCollectionViewCellViewModel.swift in Sources */,
				034DEEB52BE7D5CA00B29CB9 /* AppDelegate.swift in Sources */,
				033D768C2C0D7C94007FF534 /* GetMangaRecommendations.swift in Sources */,
				03729B832BFE7E7B0058A426 /* TopAnimeInformationCollectionViewCell.swift in Sources */,
				033D76902C0E1A94007FF534 /* MangaDetailViewController.swift in Sources */,
				033D768A2C0CDE23007FF534 /* MangaRecommendationsCollectionViewCell.swift in Sources */,
				03729B942BFE7F8D0058A426 /* TopAnimeTrailerCollectionViewCellViewModel.swift in Sources */,
				034DEEDD2BE7DEB200B29CB9 /* Request.swift in Sources */,
				033D767F2C0C8444007FF534 /* MangaListView.swift in Sources */,
				033C05D02BEA5BDE00D626CE /* TopListViewViewModel.swift in Sources */,
				033D769A2C0F42C8007FF534 /* MangaFullPhotoCollectionViewCellViewModel.swift in Sources */,
				033C05D62BEA74B700D626CE /* TopCollectionViewCellViewModel.swift in Sources */,
				034DEED72BE7D93900B29CB9 /* TopViewController.swift in Sources */,
				03966D652C00DF780010EB24 /* Resources.swift in Sources */,
				034DEEDF2BE7DF4900B29CB9 /* Endpoint.swift in Sources */,
				033D76962C0E1B05007FF534 /* MangaDetailViewViewModel.swift in Sources */,
				033D76AA2C116F21007FF534 /* MangaDetailSectionHeader.swift in Sources */,
				033D76A42C10D1D3007FF534 /* MangaFullBaseInfoCollectionViewCellViewModel.swift in Sources */,
				03966D852C0778920010EB24 /* UILabel + ext.swift in Sources */,
				03729B852BFE7E970058A426 /* TopAnimeTrailerCollectionViewCell.swift in Sources */,
				033D76AE2C119F45007FF534 /* MangaFullDescriptionCollectionViewCell.swift in Sources */,
				034DEED32BE7D8A900B29CB9 /* UniObject.swift in Sources */,
				033D76982C0F18F4007FF534 /* MangaFull.swift in Sources */,
				033D767B2C0BAAA4007FF534 /* UIViewController + ext.swift in Sources */,
				0305E7E02BF3BA0A0089AD95 /* FooterLoadingCollectionReusableView.swift in Sources */,
				0305E7D72BF261D30089AD95 /* TopAnimeDetailViewController.swift in Sources */,
				034DEEB72BE7D5CA00B29CB9 /* SceneDelegate.swift in Sources */,
				03729B9A2BFE7FB40058A426 /* TopAnimeDescriptionCollectionViewCellViewModel.swift in Sources */,
				033D767D2C0C8412007FF534 /* MangaListViewViewModel.swift in Sources */,
				033D76B02C11EA26007FF534 /* MangaFullGenresCollectionViewCellViewModel.swift in Sources */,
				03729B7D2BFDA72B0058A426 /* ImageLoader.swift in Sources */,
				033D76812C0C9FDF007FF534 /* MangaCollectionViewCell.swift in Sources */,
				034DEEDB2BE7DE5600B29CB9 /* Service.swift in Sources */,
				034DEED92BE7D94900B29CB9 /* MangaViewController.swift in Sources */,
				033D76A62C11625E007FF534 /* MangaFullInformationCollectionViewCell.swift in Sources */,
				034DEED12BE7D8A300B29CB9 /* Characters.swift in Sources */,
				033D768E2C0DED36007FF534 /* MangaSectionHeader.swift in Sources */,
				03AF39212C1488E6005A2F06 /* MangaTopViewCellViewModel.swift in Sources */,
				0305E7D92BF262500089AD95 /* TopAnimeDetailView.swift in Sources */,
				033D76A22C10D1B8007FF534 /* MangaFullBaseInfoCollectionViewCell.swift in Sources */,
				033D76832C0CA37B007FF534 /* MangaCollectionViewCellViewModel.swift in Sources */,
				033D76772C0B2A49007FF534 /* TopAnimeSearchBar.swift in Sources */,
				034DEEE32BE8D0CF00B29CB9 /* GetAllTop.swift in Sources */,
				033D76872C0CDDA2007FF534 /* MangaRecommendationsViewCellViewModel.swift in Sources */,
				033D76792C0B3FBC007FF534 /* UISearchBar + ext.swift in Sources */,
			);
			runOnlyForDeploymentPostprocessing = 0;
		};
/* End PBXSourcesBuildPhase section */

/* Begin PBXVariantGroup section */
		034DEEBF2BE7D5CC00B29CB9 /* LaunchScreen.storyboard */ = {
			isa = PBXVariantGroup;
			children = (
				034DEEC02BE7D5CC00B29CB9 /* Base */,
			);
			name = LaunchScreen.storyboard;
			sourceTree = "<group>";
		};
/* End PBXVariantGroup section */

/* Begin XCBuildConfiguration section */
		034DEEC32BE7D5CC00B29CB9 /* Debug */ = {
			isa = XCBuildConfiguration;
			buildSettings = {
				ALWAYS_SEARCH_USER_PATHS = NO;
				ASSETCATALOG_COMPILER_GENERATE_SWIFT_ASSET_SYMBOL_EXTENSIONS = YES;
				CLANG_ANALYZER_NONNULL = YES;
				CLANG_ANALYZER_NUMBER_OBJECT_CONVERSION = YES_AGGRESSIVE;
				CLANG_CXX_LANGUAGE_STANDARD = "gnu++20";
				CLANG_ENABLE_MODULES = YES;
				CLANG_ENABLE_OBJC_ARC = YES;
				CLANG_ENABLE_OBJC_WEAK = YES;
				CLANG_WARN_BLOCK_CAPTURE_AUTORELEASING = YES;
				CLANG_WARN_BOOL_CONVERSION = YES;
				CLANG_WARN_COMMA = YES;
				CLANG_WARN_CONSTANT_CONVERSION = YES;
				CLANG_WARN_DEPRECATED_OBJC_IMPLEMENTATIONS = YES;
				CLANG_WARN_DIRECT_OBJC_ISA_USAGE = YES_ERROR;
				CLANG_WARN_DOCUMENTATION_COMMENTS = YES;
				CLANG_WARN_EMPTY_BODY = YES;
				CLANG_WARN_ENUM_CONVERSION = YES;
				CLANG_WARN_INFINITE_RECURSION = YES;
				CLANG_WARN_INT_CONVERSION = YES;
				CLANG_WARN_NON_LITERAL_NULL_CONVERSION = YES;
				CLANG_WARN_OBJC_IMPLICIT_RETAIN_SELF = YES;
				CLANG_WARN_OBJC_LITERAL_CONVERSION = YES;
				CLANG_WARN_OBJC_ROOT_CLASS = YES_ERROR;
				CLANG_WARN_QUOTED_INCLUDE_IN_FRAMEWORK_HEADER = YES;
				CLANG_WARN_RANGE_LOOP_ANALYSIS = YES;
				CLANG_WARN_STRICT_PROTOTYPES = YES;
				CLANG_WARN_SUSPICIOUS_MOVE = YES;
				CLANG_WARN_UNGUARDED_AVAILABILITY = YES_AGGRESSIVE;
				CLANG_WARN_UNREACHABLE_CODE = YES;
				CLANG_WARN__DUPLICATE_METHOD_MATCH = YES;
				COPY_PHASE_STRIP = NO;
				DEBUG_INFORMATION_FORMAT = dwarf;
				ENABLE_STRICT_OBJC_MSGSEND = YES;
				ENABLE_TESTABILITY = YES;
				ENABLE_USER_SCRIPT_SANDBOXING = NO;
				GCC_C_LANGUAGE_STANDARD = gnu17;
				GCC_DYNAMIC_NO_PIC = NO;
				GCC_NO_COMMON_BLOCKS = YES;
				GCC_OPTIMIZATION_LEVEL = 0;
				GCC_PREPROCESSOR_DEFINITIONS = (
					"DEBUG=1",
					"$(inherited)",
				);
				GCC_WARN_64_TO_32_BIT_CONVERSION = YES;
				GCC_WARN_ABOUT_RETURN_TYPE = YES_ERROR;
				GCC_WARN_UNDECLARED_SELECTOR = YES;
				GCC_WARN_UNINITIALIZED_AUTOS = YES_AGGRESSIVE;
				GCC_WARN_UNUSED_FUNCTION = YES;
				GCC_WARN_UNUSED_VARIABLE = YES;
				IPHONEOS_DEPLOYMENT_TARGET = 17.0;
				LOCALIZATION_PREFERS_STRING_CATALOGS = YES;
				MTL_ENABLE_DEBUG_INFO = INCLUDE_SOURCE;
				MTL_FAST_MATH = YES;
				ONLY_ACTIVE_ARCH = YES;
				SDKROOT = iphoneos;
				SWIFT_ACTIVE_COMPILATION_CONDITIONS = "DEBUG $(inherited)";
				SWIFT_OPTIMIZATION_LEVEL = "-Onone";
			};
			name = Debug;
		};
		034DEEC42BE7D5CC00B29CB9 /* Release */ = {
			isa = XCBuildConfiguration;
			buildSettings = {
				ALWAYS_SEARCH_USER_PATHS = NO;
				ASSETCATALOG_COMPILER_GENERATE_SWIFT_ASSET_SYMBOL_EXTENSIONS = YES;
				CLANG_ANALYZER_NONNULL = YES;
				CLANG_ANALYZER_NUMBER_OBJECT_CONVERSION = YES_AGGRESSIVE;
				CLANG_CXX_LANGUAGE_STANDARD = "gnu++20";
				CLANG_ENABLE_MODULES = YES;
				CLANG_ENABLE_OBJC_ARC = YES;
				CLANG_ENABLE_OBJC_WEAK = YES;
				CLANG_WARN_BLOCK_CAPTURE_AUTORELEASING = YES;
				CLANG_WARN_BOOL_CONVERSION = YES;
				CLANG_WARN_COMMA = YES;
				CLANG_WARN_CONSTANT_CONVERSION = YES;
				CLANG_WARN_DEPRECATED_OBJC_IMPLEMENTATIONS = YES;
				CLANG_WARN_DIRECT_OBJC_ISA_USAGE = YES_ERROR;
				CLANG_WARN_DOCUMENTATION_COMMENTS = YES;
				CLANG_WARN_EMPTY_BODY = YES;
				CLANG_WARN_ENUM_CONVERSION = YES;
				CLANG_WARN_INFINITE_RECURSION = YES;
				CLANG_WARN_INT_CONVERSION = YES;
				CLANG_WARN_NON_LITERAL_NULL_CONVERSION = YES;
				CLANG_WARN_OBJC_IMPLICIT_RETAIN_SELF = YES;
				CLANG_WARN_OBJC_LITERAL_CONVERSION = YES;
				CLANG_WARN_OBJC_ROOT_CLASS = YES_ERROR;
				CLANG_WARN_QUOTED_INCLUDE_IN_FRAMEWORK_HEADER = YES;
				CLANG_WARN_RANGE_LOOP_ANALYSIS = YES;
				CLANG_WARN_STRICT_PROTOTYPES = YES;
				CLANG_WARN_SUSPICIOUS_MOVE = YES;
				CLANG_WARN_UNGUARDED_AVAILABILITY = YES_AGGRESSIVE;
				CLANG_WARN_UNREACHABLE_CODE = YES;
				CLANG_WARN__DUPLICATE_METHOD_MATCH = YES;
				COPY_PHASE_STRIP = NO;
				DEBUG_INFORMATION_FORMAT = "dwarf-with-dsym";
				ENABLE_NS_ASSERTIONS = NO;
				ENABLE_STRICT_OBJC_MSGSEND = YES;
				ENABLE_USER_SCRIPT_SANDBOXING = NO;
				GCC_C_LANGUAGE_STANDARD = gnu17;
				GCC_NO_COMMON_BLOCKS = YES;
				GCC_WARN_64_TO_32_BIT_CONVERSION = YES;
				GCC_WARN_ABOUT_RETURN_TYPE = YES_ERROR;
				GCC_WARN_UNDECLARED_SELECTOR = YES;
				GCC_WARN_UNINITIALIZED_AUTOS = YES_AGGRESSIVE;
				GCC_WARN_UNUSED_FUNCTION = YES;
				GCC_WARN_UNUSED_VARIABLE = YES;
				IPHONEOS_DEPLOYMENT_TARGET = 17.0;
				LOCALIZATION_PREFERS_STRING_CATALOGS = YES;
				MTL_ENABLE_DEBUG_INFO = NO;
				MTL_FAST_MATH = YES;
				SDKROOT = iphoneos;
				SWIFT_COMPILATION_MODE = wholemodule;
				VALIDATE_PRODUCT = YES;
			};
			name = Release;
		};
		034DEEC62BE7D5CC00B29CB9 /* Debug */ = {
			isa = XCBuildConfiguration;
			baseConfigurationReference = 4D67557A8AB749570A50EF33 /* Pods-AniWiki.debug.xcconfig */;
			buildSettings = {
				ASSETCATALOG_COMPILER_APPICON_NAME = AppIcon;
				ASSETCATALOG_COMPILER_GLOBAL_ACCENT_COLOR_NAME = AccentColor;
				CODE_SIGN_STYLE = Automatic;
				CURRENT_PROJECT_VERSION = 1;
				DEVELOPMENT_TEAM = CS22N9WW2T;
				GENERATE_INFOPLIST_FILE = YES;
				INFOPLIST_FILE = AniWiki/Info.plist;
				INFOPLIST_KEY_UIApplicationSupportsIndirectInputEvents = YES;
				INFOPLIST_KEY_UILaunchStoryboardName = LaunchScreen;
				INFOPLIST_KEY_UISupportedInterfaceOrientations_iPad = "UIInterfaceOrientationPortrait UIInterfaceOrientationPortraitUpsideDown UIInterfaceOrientationLandscapeLeft UIInterfaceOrientationLandscapeRight";
				INFOPLIST_KEY_UISupportedInterfaceOrientations_iPhone = "UIInterfaceOrientationPortrait UIInterfaceOrientationLandscapeLeft UIInterfaceOrientationLandscapeRight";
				LD_RUNPATH_SEARCH_PATHS = (
					"$(inherited)",
					"@executable_path/Frameworks",
				);
				MARKETING_VERSION = 1.0;
				PRODUCT_BUNDLE_IDENTIFIER = com.akherik.AniWiki;
				PRODUCT_NAME = "$(TARGET_NAME)";
				SWIFT_EMIT_LOC_STRINGS = YES;
				SWIFT_VERSION = 5.0;
				TARGETED_DEVICE_FAMILY = "1,2";
			};
			name = Debug;
		};
		034DEEC72BE7D5CC00B29CB9 /* Release */ = {
			isa = XCBuildConfiguration;
			baseConfigurationReference = FC3827FF0DDF35646A2A32DF /* Pods-AniWiki.release.xcconfig */;
			buildSettings = {
				ASSETCATALOG_COMPILER_APPICON_NAME = AppIcon;
				ASSETCATALOG_COMPILER_GLOBAL_ACCENT_COLOR_NAME = AccentColor;
				CODE_SIGN_STYLE = Automatic;
				CURRENT_PROJECT_VERSION = 1;
				DEVELOPMENT_TEAM = CS22N9WW2T;
				GENERATE_INFOPLIST_FILE = YES;
				INFOPLIST_FILE = AniWiki/Info.plist;
				INFOPLIST_KEY_UIApplicationSupportsIndirectInputEvents = YES;
				INFOPLIST_KEY_UILaunchStoryboardName = LaunchScreen;
				INFOPLIST_KEY_UISupportedInterfaceOrientations_iPad = "UIInterfaceOrientationPortrait UIInterfaceOrientationPortraitUpsideDown UIInterfaceOrientationLandscapeLeft UIInterfaceOrientationLandscapeRight";
				INFOPLIST_KEY_UISupportedInterfaceOrientations_iPhone = "UIInterfaceOrientationPortrait UIInterfaceOrientationLandscapeLeft UIInterfaceOrientationLandscapeRight";
				LD_RUNPATH_SEARCH_PATHS = (
					"$(inherited)",
					"@executable_path/Frameworks",
				);
				MARKETING_VERSION = 1.0;
				PRODUCT_BUNDLE_IDENTIFIER = com.akherik.AniWiki;
				PRODUCT_NAME = "$(TARGET_NAME)";
				SWIFT_EMIT_LOC_STRINGS = YES;
				SWIFT_VERSION = 5.0;
				TARGETED_DEVICE_FAMILY = "1,2";
			};
			name = Release;
		};
/* End XCBuildConfiguration section */

/* Begin XCConfigurationList section */
		034DEEAC2BE7D5CA00B29CB9 /* Build configuration list for PBXProject "AniWiki" */ = {
			isa = XCConfigurationList;
			buildConfigurations = (
				034DEEC32BE7D5CC00B29CB9 /* Debug */,
				034DEEC42BE7D5CC00B29CB9 /* Release */,
			);
			defaultConfigurationIsVisible = 0;
			defaultConfigurationName = Release;
		};
		034DEEC52BE7D5CC00B29CB9 /* Build configuration list for PBXNativeTarget "AniWiki" */ = {
			isa = XCConfigurationList;
			buildConfigurations = (
				034DEEC62BE7D5CC00B29CB9 /* Debug */,
				034DEEC72BE7D5CC00B29CB9 /* Release */,
			);
			defaultConfigurationIsVisible = 0;
			defaultConfigurationName = Release;
		};
/* End XCConfigurationList section */
	};
	rootObject = 034DEEA92BE7D5CA00B29CB9 /* Project object */;
}
